{
  "name": "darkmode-demo",
  "version": "1.0.0",
  "lockfileVersion": 1,
  "requires": true,
  "dependencies": {
    "bootsdark": {
      "version": "1.0.3",
      "resolved": "https://registry.npmjs.org/bootsdark/-/bootsdark-1.0.3.tgz",
      "integrity": "sha512-EMDRWhICSNX3cEm+L94fPna32sSnX9VEzluaHjV0nft+L8/lBSYXJ4DwqKVvIGdqiIAHG5Den3h6/MHzdHV/FA=="
    }
  }
}
