{
  "name": "sticky-hover",
  "version": "1.0.0",
  "lockfileVersion": 1,
  "requires": true,
  "dependencies": {
    "sticky-hover-fix": {
      "version": "1.0.0",
      "resolved": "https://registry.npmjs.org/sticky-hover-fix/-/sticky-hover-fix-1.0.0.tgz",
      "integrity": "sha512-+NeUT+6E9imAihNjrqps3MdkBm5TYtWuCdH2Aan0jvEu5GmEYTbEIFNito/64Q5385xPIlFBo7gYtY/0+sGQkw=="
    }
  }
}
